// !$*UTF8*$!
{
	archiveVersion = 1;
	classes = {
	};
	objectVersion = 56;
	objects = {

/* Begin PBXBuildFile section */
		926623F12CD8E416008728E1 /* Network18_SwiftUIDemoApp.swift in Sources */ = {isa = PBXBuildFile; fileRef = 926623F02CD8E416008728E1 /* Network18_SwiftUIDemoApp.swift */; };
		926623F52CD8E418008728E1 /* Assets.xcassets in Resources */ = {isa = PBXBuildFile; fileRef = 926623F42CD8E418008728E1 /* Assets.xcassets */; };
		926623F82CD8E418008728E1 /* Preview Assets.xcassets in Resources */ = {isa = PBXBuildFile; fileRef = 926623F72CD8E418008728E1 /* Preview Assets.xcassets */; };
		9266241C2CD8E948008728E1 /* APIManager.swift in Sources */ = {isa = PBXBuildFile; fileRef = 9266241B2CD8E948008728E1 /* APIManager.swift */; };
		9266241E2CD8EB08008728E1 /* APIEndPoint.swift in Sources */ = {isa = PBXBuildFile; fileRef = 9266241D2CD8EB08008728E1 /* APIEndPoint.swift */; };
		926624232CD8EC04008728E1 /* StringConstant.swift in Sources */ = {isa = PBXBuildFile; fileRef = 926624222CD8EC04008728E1 /* StringConstant.swift */; };
		926624282CD8F2DE008728E1 /* MealData.swift in Sources */ = {isa = PBXBuildFile; fileRef = 926624272CD8F2DE008728E1 /* MealData.swift */; };
		9266242A2CD8F344008728E1 /* MealCategoryListView.swift in Sources */ = {isa = PBXBuildFile; fileRef = 926624292CD8F344008728E1 /* MealCategoryListView.swift */; };
		9266242C2CD8F376008728E1 /* MealCategoryListViewModel.swift in Sources */ = {isa = PBXBuildFile; fileRef = 9266242B2CD8F376008728E1 /* MealCategoryListViewModel.swift */; };
		9266242E2CD8F52D008728E1 /* APIRequestManager.swift in Sources */ = {isa = PBXBuildFile; fileRef = 9266242D2CD8F52D008728E1 /* APIRequestManager.swift */; };
		926624322CD8FE03008728E1 /* MealImageView.swift in Sources */ = {isa = PBXBuildFile; fileRef = 926624312CD8FE03008728E1 /* MealImageView.swift */; };
		926624362CD90D41008728E1 /* MealCategoryView.swift in Sources */ = {isa = PBXBuildFile; fileRef = 926624352CD90D41008728E1 /* MealCategoryView.swift */; };
/* End PBXBuildFile section */

/* Begin PBXContainerItemProxy section */
		926623FE2CD8E418008728E1 /* PBXContainerItemProxy */ = {
			isa = PBXContainerItemProxy;
			containerPortal = 926623E52CD8E416008728E1 /* Project object */;
			proxyType = 1;
			remoteGlobalIDString = 926623EC2CD8E416008728E1;
			remoteInfo = Network18_SwiftUIDemo;
		};
		926624082CD8E418008728E1 /* PBXContainerItemProxy */ = {
			isa = PBXContainerItemProxy;
			containerPortal = 926623E52CD8E416008728E1 /* Project object */;
			proxyType = 1;
			remoteGlobalIDString = 926623EC2CD8E416008728E1;
			remoteInfo = Network18_SwiftUIDemo;
		};
/* End PBXContainerItemProxy section */

/* Begin PBXFileReference section */
		926623ED2CD8E416008728E1 /* Network18_SwiftUIDemo.app */ = {isa = PBXFileReference; explicitFileType = wrapper.application; includeInIndex = 0; path = Network18_SwiftUIDemo.app; sourceTree = BUILT_PRODUCTS_DIR; };
		926623F02CD8E416008728E1 /* Network18_SwiftUIDemoApp.swift */ = {isa = PBXFileReference; lastKnownFileType = sourcecode.swift; path = Network18_SwiftUIDemoApp.swift; sourceTree = "<group>"; };
		926623F42CD8E418008728E1 /* Assets.xcassets */ = {isa = PBXFileReference; lastKnownFileType = folder.assetcatalog; path = Assets.xcassets; sourceTree = "<group>"; };
		926623F72CD8E418008728E1 /* Preview Assets.xcassets */ = {isa = PBXFileReference; lastKnownFileType = folder.assetcatalog; path = "Preview Assets.xcassets"; sourceTree = "<group>"; };
		926623FD2CD8E418008728E1 /* Network18_SwiftUIDemoTests.xctest */ = {isa = PBXFileReference; explicitFileType = wrapper.cfbundle; includeInIndex = 0; path = Network18_SwiftUIDemoTests.xctest; sourceTree = BUILT_PRODUCTS_DIR; };
		926624072CD8E418008728E1 /* Network18_SwiftUIDemoUITests.xctest */ = {isa = PBXFileReference; explicitFileType = wrapper.cfbundle; includeInIndex = 0; path = Network18_SwiftUIDemoUITests.xctest; sourceTree = BUILT_PRODUCTS_DIR; };
		9266241B2CD8E948008728E1 /* APIManager.swift */ = {isa = PBXFileReference; lastKnownFileType = sourcecode.swift; path = APIManager.swift; sourceTree = "<group>"; };
		9266241D2CD8EB08008728E1 /* APIEndPoint.swift */ = {isa = PBXFileReference; lastKnownFileType = sourcecode.swift; path = APIEndPoint.swift; sourceTree = "<group>"; };
		926624222CD8EC04008728E1 /* StringConstant.swift */ = {isa = PBXFileReference; lastKnownFileType = sourcecode.swift; path = StringConstant.swift; sourceTree = "<group>"; };
		926624272CD8F2DE008728E1 /* MealData.swift */ = {isa = PBXFileReference; lastKnownFileType = sourcecode.swift; path = MealData.swift; sourceTree = "<group>"; };
		926624292CD8F344008728E1 /* MealCategoryListView.swift */ = {isa = PBXFileReference; lastKnownFileType = sourcecode.swift; path = MealCategoryListView.swift; sourceTree = "<group>"; };
		9266242B2CD8F376008728E1 /* MealCategoryListViewModel.swift */ = {isa = PBXFileReference; lastKnownFileType = sourcecode.swift; path = MealCategoryListViewModel.swift; sourceTree = "<group>"; };
		9266242D2CD8F52D008728E1 /* APIRequestManager.swift */ = {isa = PBXFileReference; lastKnownFileType = sourcecode.swift; path = APIRequestManager.swift; sourceTree = "<group>"; };
		926624312CD8FE03008728E1 /* MealImageView.swift */ = {isa = PBXFileReference; lastKnownFileType = sourcecode.swift; path = MealImageView.swift; sourceTree = "<group>"; };
		926624352CD90D41008728E1 /* MealCategoryView.swift */ = {isa = PBXFileReference; fileEncoding = 4; lastKnownFileType = sourcecode.swift; path = MealCategoryView.swift; sourceTree = "<group>"; };
/* End PBXFileReference section */

/* Begin PBXFrameworksBuildPhase section */
		926623EA2CD8E416008728E1 /* Frameworks */ = {
			isa = PBXFrameworksBuildPhase;
			buildActionMask = 2147483647;
			files = (
			);
			runOnlyForDeploymentPostprocessing = 0;
		};
		926623FA2CD8E418008728E1 /* Frameworks */ = {
			isa = PBXFrameworksBuildPhase;
			buildActionMask = 2147483647;
			files = (
			);
			runOnlyForDeploymentPostprocessing = 0;
		};
		926624042CD8E418008728E1 /* Frameworks */ = {
			isa = PBXFrameworksBuildPhase;
			buildActionMask = 2147483647;
			files = (
			);
			runOnlyForDeploymentPostprocessing = 0;
		};
/* End PBXFrameworksBuildPhase section */

/* Begin PBXGroup section */
		926623E42CD8E416008728E1 = {
			isa = PBXGroup;
			children = (
				926623EF2CD8E416008728E1 /* Network18_SwiftUIDemo */,
				926623EE2CD8E416008728E1 /* Products */,
			);
			sourceTree = "<group>";
		};
		926623EE2CD8E416008728E1 /* Products */ = {
			isa = PBXGroup;
			children = (
				926623ED2CD8E416008728E1 /* Network18_SwiftUIDemo.app */,
				926623FD2CD8E418008728E1 /* Network18_SwiftUIDemoTests.xctest */,
				926624072CD8E418008728E1 /* Network18_SwiftUIDemoUITests.xctest */,
			);
			name = Products;
			sourceTree = "<group>";
		};
		926623EF2CD8E416008728E1 /* Network18_SwiftUIDemo */ = {
			isa = PBXGroup;
			children = (
				9266241F2CD8EBC2008728E1 /* Resources */,
				926624202CD8EBEE008728E1 /* Utils */,
				9266241A2CD8E8A2008728E1 /* WebServices */,
				926624242CD8F214008728E1 /* Model */,
				926624252CD8F273008728E1 /* View */,
				926624262CD8F280008728E1 /* ViewModel */,
				926623F02CD8E416008728E1 /* Network18_SwiftUIDemoApp.swift */,
				926623F62CD8E418008728E1 /* Preview Content */,
			);
			path = Network18_SwiftUIDemo;
			sourceTree = "<group>";
		};
		926623F62CD8E418008728E1 /* Preview Content */ = {
			isa = PBXGroup;
			children = (
				926623F72CD8E418008728E1 /* Preview Assets.xcassets */,
			);
			path = "Preview Content";
			sourceTree = "<group>";
		};
		9266241A2CD8E8A2008728E1 /* WebServices */ = {
			isa = PBXGroup;
			children = (
				9266241D2CD8EB08008728E1 /* APIEndPoint.swift */,
				9266241B2CD8E948008728E1 /* APIManager.swift */,
				9266242D2CD8F52D008728E1 /* APIRequestManager.swift */,
			);
			path = WebServices;
			sourceTree = "<group>";
		};
		9266241F2CD8EBC2008728E1 /* Resources */ = {
			isa = PBXGroup;
			children = (
				926623F42CD8E418008728E1 /* Assets.xcassets */,
			);
			path = Resources;
			sourceTree = "<group>";
		};
		926624202CD8EBEE008728E1 /* Utils */ = {
			isa = PBXGroup;
			children = (
				926624212CD8EBF4008728E1 /* Constant */,
			);
			path = Utils;
			sourceTree = "<group>";
		};
		926624212CD8EBF4008728E1 /* Constant */ = {
			isa = PBXGroup;
			children = (
				926624222CD8EC04008728E1 /* StringConstant.swift */,
			);
			path = Constant;
			sourceTree = "<group>";
		};
		926624242CD8F214008728E1 /* Model */ = {
			isa = PBXGroup;
			children = (
				926624272CD8F2DE008728E1 /* MealData.swift */,
			);
			path = Model;
			sourceTree = "<group>";
		};
		926624252CD8F273008728E1 /* View */ = {
			isa = PBXGroup;
			children = (
				926624292CD8F344008728E1 /* MealCategoryListView.swift */,
				926624352CD90D41008728E1 /* MealCategoryView.swift */,
				926624312CD8FE03008728E1 /* MealImageView.swift */,
			);
			path = View;
			sourceTree = "<group>";
		};
		926624262CD8F280008728E1 /* ViewModel */ = {
			isa = PBXGroup;
			children = (
				9266242B2CD8F376008728E1 /* MealCategoryListViewModel.swift */,
			);
			path = ViewModel;
			sourceTree = "<group>";
		};
/* End PBXGroup section */

/* Begin PBXNativeTarget section */
		926623EC2CD8E416008728E1 /* Network18_SwiftUIDemo */ = {
			isa = PBXNativeTarget;
			buildConfigurationList = 926624112CD8E418008728E1 /* Build configuration list for PBXNativeTarget "Network18_SwiftUIDemo" */;
			buildPhases = (
				926623E92CD8E416008728E1 /* Sources */,
				926623EA2CD8E416008728E1 /* Frameworks */,
				926623EB2CD8E416008728E1 /* Resources */,
			);
			buildRules = (
			);
			dependencies = (
			);
			name = Network18_SwiftUIDemo;
			productName = Network18_SwiftUIDemo;
			productReference = 926623ED2CD8E416008728E1 /* Network18_SwiftUIDemo.app */;
			productType = "com.apple.product-type.application";
		};
		926623FC2CD8E418008728E1 /* Network18_SwiftUIDemoTests */ = {
			isa = PBXNativeTarget;
			buildConfigurationList = 926624142CD8E418008728E1 /* Build configuration list for PBXNativeTarget "Network18_SwiftUIDemoTests" */;
			buildPhases = (
				926623F92CD8E418008728E1 /* Sources */,
				926623FA2CD8E418008728E1 /* Frameworks */,
				926623FB2CD8E418008728E1 /* Resources */,
			);
			buildRules = (
			);
			dependencies = (
				926623FF2CD8E418008728E1 /* PBXTargetDependency */,
			);
			name = Network18_SwiftUIDemoTests;
			productName = Network18_SwiftUIDemoTests;
			productReference = 926623FD2CD8E418008728E1 /* Network18_SwiftUIDemoTests.xctest */;
			productType = "com.apple.product-type.bundle.unit-test";
		};
		926624062CD8E418008728E1 /* Network18_SwiftUIDemoUITests */ = {
			isa = PBXNativeTarget;
			buildConfigurationList = 926624172CD8E418008728E1 /* Build configuration list for PBXNativeTarget "Network18_SwiftUIDemoUITests" */;
			buildPhases = (
				926624032CD8E418008728E1 /* Sources */,
				926624042CD8E418008728E1 /* Frameworks */,
				926624052CD8E418008728E1 /* Resources */,
			);
			buildRules = (
			);
			dependencies = (
				926624092CD8E418008728E1 /* PBXTargetDependency */,
			);
			name = Network18_SwiftUIDemoUITests;
			productName = Network18_SwiftUIDemoUITests;
			productReference = 926624072CD8E418008728E1 /* Network18_SwiftUIDemoUITests.xctest */;
			productType = "com.apple.product-type.bundle.ui-testing";
		};
/* End PBXNativeTarget section */

/* Begin PBXProject section */
		926623E52CD8E416008728E1 /* Project object */ = {
			isa = PBXProject;
			attributes = {
				BuildIndependentTargetsInParallel = 1;
				LastSwiftUpdateCheck = 1540;
				LastUpgradeCheck = 1540;
				TargetAttributes = {
					926623EC2CD8E416008728E1 = {
						CreatedOnToolsVersion = 15.4;
					};
					926623FC2CD8E418008728E1 = {
						CreatedOnToolsVersion = 15.4;
						TestTargetID = 926623EC2CD8E416008728E1;
					};
					926624062CD8E418008728E1 = {
						CreatedOnToolsVersion = 15.4;
						TestTargetID = 926623EC2CD8E416008728E1;
					};
				};
			};
			buildConfigurationList = 926623E82CD8E416008728E1 /* Build configuration list for PBXProject "Network18_SwiftUIDemo" */;
			compatibilityVersion = "Xcode 14.0";
			developmentRegion = en;
			hasScannedForEncodings = 0;
			knownRegions = (
				en,
				Base,
			);
			mainGroup = 926623E42CD8E416008728E1;
			productRefGroup = 926623EE2CD8E416008728E1 /* Products */;
			projectDirPath = "";
			projectRoot = "";
			targets = (
				926623EC2CD8E416008728E1 /* Network18_SwiftUIDemo */,
				926623FC2CD8E418008728E1 /* Network18_SwiftUIDemoTests */,
				926624062CD8E418008728E1 /* Network18_SwiftUIDemoUITests */,
			);
		};
/* End PBXProject section */

/* Begin PBXResourcesBuildPhase section */
		926623EB2CD8E416008728E1 /* Resources */ = {
			isa = PBXResourcesBuildPhase;
			buildActionMask = 2147483647;
			files = (
				926623F82CD8E418008728E1 /* Preview Assets.xcassets in Resources */,
				926623F52CD8E418008728E1 /* Assets.xcassets in Resources */,
			);
			runOnlyForDeploymentPostprocessing = 0;
		};
		926623FB2CD8E418008728E1 /* Resources */ = {
			isa = PBXResourcesBuildPhase;
			buildActionMask = 2147483647;
			files = (
			);
			runOnlyForDeploymentPostprocessing = 0;
		};
		926624052CD8E418008728E1 /* Resources */ = {
			isa = PBXResourcesBuildPhase;
			buildActionMask = 2147483647;
			files = (
			);
			runOnlyForDeploymentPostprocessing = 0;
		};
/* End PBXResourcesBuildPhase section */

/* Begin PBXSourcesBuildPhase section */
		926623E92CD8E416008728E1 /* Sources */ = {
			isa = PBXSourcesBuildPhase;
			buildActionMask = 2147483647;
			files = (
				9266241C2CD8E948008728E1 /* APIManager.swift in Sources */,
				9266242A2CD8F344008728E1 /* MealCategoryListView.swift in Sources */,
				9266242E2CD8F52D008728E1 /* APIRequestManager.swift in Sources */,
				926624322CD8FE03008728E1 /* MealImageView.swift in Sources */,
				926624282CD8F2DE008728E1 /* MealData.swift in Sources */,
				926624362CD90D41008728E1 /* MealCategoryView.swift in Sources */,
				926623F12CD8E416008728E1 /* Network18_SwiftUIDemoApp.swift in Sources */,
				9266241E2CD8EB08008728E1 /* APIEndPoint.swift in Sources */,
				926624232CD8EC04008728E1 /* StringConstant.swift in Sources */,
				9266242C2CD8F376008728E1 /* MealCategoryListViewModel.swift in Sources */,
			);
			runOnlyForDeploymentPostprocessing = 0;
		};
		926623F92CD8E418008728E1 /* Sources */ = {
			isa = PBXSourcesBuildPhase;
			buildActionMask = 2147483647;
			files = (
			);
			runOnlyForDeploymentPostprocessing = 0;
		};
		926624032CD8E418008728E1 /* Sources */ = {
			isa = PBXSourcesBuildPhase;
			buildActionMask = 2147483647;
			files = (
			);
			runOnlyForDeploymentPostprocessing = 0;
		};
/* End PBXSourcesBuildPhase section */

/* Begin PBXTargetDependency section */
		926623FF2CD8E418008728E1 /* PBXTargetDependency */ = {
			isa = PBXTargetDependency;
			target = 926623EC2CD8E416008728E1 /* Network18_SwiftUIDemo */;
			targetProxy = 926623FE2CD8E418008728E1 /* PBXContainerItemProxy */;
		};
		926624092CD8E418008728E1 /* PBXTargetDependency */ = {
			isa = PBXTargetDependency;
			target = 926623EC2CD8E416008728E1 /* Network18_SwiftUIDemo */;
			targetProxy = 926624082CD8E418008728E1 /* PBXContainerItemProxy */;
		};
/* End PBXTargetDependency section */

/* Begin XCBuildConfiguration section */
		9266240F2CD8E418008728E1 /* Debug */ = {
			isa = XCBuildConfiguration;
			buildSettings = {
				ALWAYS_SEARCH_USER_PATHS = NO;
				ASSETCATALOG_COMPILER_GENERATE_SWIFT_ASSET_SYMBOL_EXTENSIONS = YES;
				CLANG_ANALYZER_NONNULL = YES;
				CLANG_ANALYZER_NUMBER_OBJECT_CONVERSION = YES_AGGRESSIVE;
				CLANG_CXX_LANGUAGE_STANDARD = "gnu++20";
				CLANG_ENABLE_MODULES = YES;
				CLANG_ENABLE_OBJC_ARC = YES;
				CLANG_ENABLE_OBJC_WEAK = YES;
				CLANG_WARN_BLOCK_CAPTURE_AUTORELEASING = YES;
				CLANG_WARN_BOOL_CONVERSION = YES;
				CLANG_WARN_COMMA = YES;
				CLANG_WARN_CONSTANT_CONVERSION = YES;
				CLANG_WARN_DEPRECATED_OBJC_IMPLEMENTATIONS = YES;
				CLANG_WARN_DIRECT_OBJC_ISA_USAGE = YES_ERROR;
				CLANG_WARN_DOCUMENTATION_COMMENTS = YES;
				CLANG_WARN_EMPTY_BODY = YES;
				CLANG_WARN_ENUM_CONVERSION = YES;
				CLANG_WARN_INFINITE_RECURSION = YES;
				CLANG_WARN_INT_CONVERSION = YES;
				CLANG_WARN_NON_LITERAL_NULL_CONVERSION = YES;
				CLANG_WARN_OBJC_IMPLICIT_RETAIN_SELF = YES;
				CLANG_WARN_OBJC_LITERAL_CONVERSION = YES;
				CLANG_WARN_OBJC_ROOT_CLASS = YES_ERROR;
				CLANG_WARN_QUOTED_INCLUDE_IN_FRAMEWORK_HEADER = YES;
				CLANG_WARN_RANGE_LOOP_ANALYSIS = YES;
				CLANG_WARN_STRICT_PROTOTYPES = YES;
				CLANG_WARN_SUSPICIOUS_MOVE = YES;
				CLANG_WARN_UNGUARDED_AVAILABILITY = YES_AGGRESSIVE;
				CLANG_WARN_UNREACHABLE_CODE = YES;
				CLANG_WARN__DUPLICATE_METHOD_MATCH = YES;
				COPY_PHASE_STRIP = NO;
				DEBUG_INFORMATION_FORMAT = dwarf;
				ENABLE_STRICT_OBJC_MSGSEND = YES;
				ENABLE_TESTABILITY = YES;
				ENABLE_USER_SCRIPT_SANDBOXING = YES;
				GCC_C_LANGUAGE_STANDARD = gnu17;
				GCC_DYNAMIC_NO_PIC = NO;
				GCC_NO_COMMON_BLOCKS = YES;
				GCC_OPTIMIZATION_LEVEL = 0;
				GCC_PREPROCESSOR_DEFINITIONS = (
					"DEBUG=1",
					"$(inherited)",
				);
				GCC_WARN_64_TO_32_BIT_CONVERSION = YES;
				GCC_WARN_ABOUT_RETURN_TYPE = YES_ERROR;
				GCC_WARN_UNDECLARED_SELECTOR = YES;
				GCC_WARN_UNINITIALIZED_AUTOS = YES_AGGRESSIVE;
				GCC_WARN_UNUSED_FUNCTION = YES;
				GCC_WARN_UNUSED_VARIABLE = YES;
				IPHONEOS_DEPLOYMENT_TARGET = 17.5;
				LOCALIZATION_PREFERS_STRING_CATALOGS = YES;
				MTL_ENABLE_DEBUG_INFO = INCLUDE_SOURCE;
				MTL_FAST_MATH = YES;
				ONLY_ACTIVE_ARCH = YES;
				SDKROOT = iphoneos;
				SWIFT_ACTIVE_COMPILATION_CONDITIONS = "DEBUG $(inherited)";
				SWIFT_OPTIMIZATION_LEVEL = "-Onone";
			};
			name = Debug;
		};
		926624102CD8E418008728E1 /* Release */ = {
			isa = XCBuildConfiguration;
			buildSettings = {
				ALWAYS_SEARCH_USER_PATHS = NO;
				ASSETCATALOG_COMPILER_GENERATE_SWIFT_ASSET_SYMBOL_EXTENSIONS = YES;
				CLANG_ANALYZER_NONNULL = YES;
				CLANG_ANALYZER_NUMBER_OBJECT_CONVERSION = YES_AGGRESSIVE;
				CLANG_CXX_LANGUAGE_STANDARD = "gnu++20";
				CLANG_ENABLE_MODULES = YES;
				CLANG_ENABLE_OBJC_ARC = YES;
				CLANG_ENABLE_OBJC_WEAK = YES;
				CLANG_WARN_BLOCK_CAPTURE_AUTORELEASING = YES;
				CLANG_WARN_BOOL_CONVERSION = YES;
				CLANG_WARN_COMMA = YES;
				CLANG_WARN_CONSTANT_CONVERSION = YES;
				CLANG_WARN_DEPRECATED_OBJC_IMPLEMENTATIONS = YES;
				CLANG_WARN_DIRECT_OBJC_ISA_USAGE = YES_ERROR;
				CLANG_WARN_DOCUMENTATION_COMMENTS = YES;
				CLANG_WARN_EMPTY_BODY = YES;
				CLANG_WARN_ENUM_CONVERSION = YES;
				CLANG_WARN_INFINITE_RECURSION = YES;
				CLANG_WARN_INT_CONVERSION = YES;
				CLANG_WARN_NON_LITERAL_NULL_CONVERSION = YES;
				CLANG_WARN_OBJC_IMPLICIT_RETAIN_SELF = YES;
				CLANG_WARN_OBJC_LITERAL_CONVERSION = YES;
				CLANG_WARN_OBJC_ROOT_CLASS = YES_ERROR;
				CLANG_WARN_QUOTED_INCLUDE_IN_FRAMEWORK_HEADER = YES;
				CLANG_WARN_RANGE_LOOP_ANALYSIS = YES;
				CLANG_WARN_STRICT_PROTOTYPES = YES;
				CLANG_WARN_SUSPICIOUS_MOVE = YES;
				CLANG_WARN_UNGUARDED_AVAILABILITY = YES_AGGRESSIVE;
				CLANG_WARN_UNREACHABLE_CODE = YES;
				CLANG_WARN__DUPLICATE_METHOD_MATCH = YES;
				COPY_PHASE_STRIP = NO;
				DEBUG_INFORMATION_FORMAT = "dwarf-with-dsym";
				ENABLE_NS_ASSERTIONS = NO;
				ENABLE_STRICT_OBJC_MSGSEND = YES;
				ENABLE_USER_SCRIPT_SANDBOXING = YES;
				GCC_C_LANGUAGE_STANDARD = gnu17;
				GCC_NO_COMMON_BLOCKS = YES;
				GCC_WARN_64_TO_32_BIT_CONVERSION = YES;
				GCC_WARN_ABOUT_RETURN_TYPE = YES_ERROR;
				GCC_WARN_UNDECLARED_SELECTOR = YES;
				GCC_WARN_UNINITIALIZED_AUTOS = YES_AGGRESSIVE;
				GCC_WARN_UNUSED_FUNCTION = YES;
				GCC_WARN_UNUSED_VARIABLE = YES;
				IPHONEOS_DEPLOYMENT_TARGET = 17.5;
				LOCALIZATION_PREFERS_STRING_CATALOGS = YES;
				MTL_ENABLE_DEBUG_INFO = NO;
				MTL_FAST_MATH = YES;
				SDKROOT = iphoneos;
				SWIFT_COMPILATION_MODE = wholemodule;
				VALIDATE_PRODUCT = YES;
			};
			name = Release;
		};
		926624122CD8E418008728E1 /* Debug */ = {
			isa = XCBuildConfiguration;
			buildSettings = {
				ASSETCATALOG_COMPILER_APPICON_NAME = AppIcon;
				ASSETCATALOG_COMPILER_GLOBAL_ACCENT_COLOR_NAME = AccentColor;
				CODE_SIGN_STYLE = Automatic;
				CURRENT_PROJECT_VERSION = 1;
				DEVELOPMENT_ASSET_PATHS = "\"Network18_SwiftUIDemo/Preview Content\"";
				DEVELOPMENT_TEAM = DA5STKA3G5;
				ENABLE_PREVIEWS = YES;
				GENERATE_INFOPLIST_FILE = YES;
				INFOPLIST_KEY_UIApplicationSceneManifest_Generation = YES;
				INFOPLIST_KEY_UIApplicationSupportsIndirectInputEvents = YES;
				INFOPLIST_KEY_UILaunchScreen_Generation = YES;
				INFOPLIST_KEY_UISupportedInterfaceOrientations_iPad = "UIInterfaceOrientationPortrait UIInterfaceOrientationPortraitUpsideDown UIInterfaceOrientationLandscapeLeft UIInterfaceOrientationLandscapeRight";
				INFOPLIST_KEY_UISupportedInterfaceOrientations_iPhone = "UIInterfaceOrientationPortrait UIInterfaceOrientationLandscapeLeft UIInterfaceOrientationLandscapeRight";
				LD_RUNPATH_SEARCH_PATHS = (
					"$(inherited)",
					"@executable_path/Frameworks",
				);
				MARKETING_VERSION = 1.0;
				PRODUCT_BUNDLE_IDENTIFIER = "tejaswini.com.Network18-SwiftUIDemo";
				PRODUCT_NAME = "$(TARGET_NAME)";
				SWIFT_EMIT_LOC_STRINGS = YES;
				SWIFT_VERSION = 5.0;
				TARGETED_DEVICE_FAMILY = "1,2";
			};
			name = Debug;
		};
		926624132CD8E418008728E1 /* Release */ = {
			isa = XCBuildConfiguration;
			buildSettings = {
				ASSETCATALOG_COMPILER_APPICON_NAME = AppIcon;
				ASSETCATALOG_COMPILER_GLOBAL_ACCENT_COLOR_NAME = AccentColor;
				CODE_SIGN_STYLE = Automatic;
				CURRENT_PROJECT_VERSION = 1;
				DEVELOPMENT_ASSET_PATHS = "\"Network18_SwiftUIDemo/Preview Content\"";
				DEVELOPMENT_TEAM = DA5STKA3G5;
				ENABLE_PREVIEWS = YES;
				GENERATE_INFOPLIST_FILE = YES;
				INFOPLIST_KEY_UIApplicationSceneManifest_Generation = YES;
				INFOPLIST_KEY_UIApplicationSupportsIndirectInputEvents = YES;
				INFOPLIST_KEY_UILaunchScreen_Generation = YES;
				INFOPLIST_KEY_UISupportedInterfaceOrientations_iPad = "UIInterfaceOrientationPortrait UIInterfaceOrientationPortraitUpsideDown UIInterfaceOrientationLandscapeLeft UIInterfaceOrientationLandscapeRight";
				INFOPLIST_KEY_UISupportedInterfaceOrientations_iPhone = "UIInterfaceOrientationPortrait UIInterfaceOrientationLandscapeLeft UIInterfaceOrientationLandscapeRight";
				LD_RUNPATH_SEARCH_PATHS = (
					"$(inherited)",
					"@executable_path/Frameworks",
				);
				MARKETING_VERSION = 1.0;
				PRODUCT_BUNDLE_IDENTIFIER = "tejaswini.com.Network18-SwiftUIDemo";
				PRODUCT_NAME = "$(TARGET_NAME)";
				SWIFT_EMIT_LOC_STRINGS = YES;
				SWIFT_VERSION = 5.0;
				TARGETED_DEVICE_FAMILY = "1,2";
			};
			name = Release;
		};
		926624152CD8E418008728E1 /* Debug */ = {
			isa = XCBuildConfiguration;
			buildSettings = {
				ALWAYS_EMBED_SWIFT_STANDARD_LIBRARIES = YES;
				BUNDLE_LOADER = "$(TEST_HOST)";
				CODE_SIGN_STYLE = Automatic;
				CURRENT_PROJECT_VERSION = 1;
				DEVELOPMENT_TEAM = DA5STKA3G5;
				GENERATE_INFOPLIST_FILE = YES;
				IPHONEOS_DEPLOYMENT_TARGET = 17.5;
				MARKETING_VERSION = 1.0;
				PRODUCT_BUNDLE_IDENTIFIER = "tejaswini.com.Network18-SwiftUIDemoTests";
				PRODUCT_NAME = "$(TARGET_NAME)";
				SWIFT_EMIT_LOC_STRINGS = NO;
				SWIFT_VERSION = 5.0;
				TARGETED_DEVICE_FAMILY = "1,2";
				TEST_HOST = "$(BUILT_PRODUCTS_DIR)/Network18_SwiftUIDemo.app/$(BUNDLE_EXECUTABLE_FOLDER_PATH)/Network18_SwiftUIDemo";
			};
			name = Debug;
		};
		926624162CD8E418008728E1 /* Release */ = {
			isa = XCBuildConfiguration;
			buildSettings = {
				ALWAYS_EMBED_SWIFT_STANDARD_LIBRARIES = YES;
				BUNDLE_LOADER = "$(TEST_HOST)";
				CODE_SIGN_STYLE = Automatic;
				CURRENT_PROJECT_VERSION = 1;
				DEVELOPMENT_TEAM = DA5STKA3G5;
				GENERATE_INFOPLIST_FILE = YES;
				IPHONEOS_DEPLOYMENT_TARGET = 17.5;
				MARKETING_VERSION = 1.0;
				PRODUCT_BUNDLE_IDENTIFIER = "tejaswini.com.Network18-SwiftUIDemoTests";
				PRODUCT_NAME = "$(TARGET_NAME)";
				SWIFT_EMIT_LOC_STRINGS = NO;
				SWIFT_VERSION = 5.0;
				TARGETED_DEVICE_FAMILY = "1,2";
				TEST_HOST = "$(BUILT_PRODUCTS_DIR)/Network18_SwiftUIDemo.app/$(BUNDLE_EXECUTABLE_FOLDER_PATH)/Network18_SwiftUIDemo";
			};
			name = Release;
		};
		926624182CD8E418008728E1 /* Debug */ = {
			isa = XCBuildConfiguration;
			buildSettings = {
				ALWAYS_EMBED_SWIFT_STANDARD_LIBRARIES = YES;
				CODE_SIGN_STYLE = Automatic;
				CURRENT_PROJECT_VERSION = 1;
				DEVELOPMENT_TEAM = DA5STKA3G5;
				GENERATE_INFOPLIST_FILE = YES;
				MARKETING_VERSION = 1.0;
				PRODUCT_BUNDLE_IDENTIFIER = "tejaswini.com.Network18-SwiftUIDemoUITests";
				PRODUCT_NAME = "$(TARGET_NAME)";
				SWIFT_EMIT_LOC_STRINGS = NO;
				SWIFT_VERSION = 5.0;
				TARGETED_DEVICE_FAMILY = "1,2";
				TEST_TARGET_NAME = Network18_SwiftUIDemo;
			};
			name = Debug;
		};
		926624192CD8E418008728E1 /* Release */ = {
			isa = XCBuildConfiguration;
			buildSettings = {
				ALWAYS_EMBED_SWIFT_STANDARD_LIBRARIES = YES;
				CODE_SIGN_STYLE = Automatic;
				CURRENT_PROJECT_VERSION = 1;
				DEVELOPMENT_TEAM = DA5STKA3G5;
				GENERATE_INFOPLIST_FILE = YES;
				MARKETING_VERSION = 1.0;
				PRODUCT_BUNDLE_IDENTIFIER = "tejaswini.com.Network18-SwiftUIDemoUITests";
				PRODUCT_NAME = "$(TARGET_NAME)";
				SWIFT_EMIT_LOC_STRINGS = NO;
				SWIFT_VERSION = 5.0;
				TARGETED_DEVICE_FAMILY = "1,2";
				TEST_TARGET_NAME = Network18_SwiftUIDemo;
			};
			name = Release;
		};
/* End XCBuildConfiguration section */

/* Begin XCConfigurationList section */
		926623E82CD8E416008728E1 /* Build configuration list for PBXProject "Network18_SwiftUIDemo" */ = {
			isa = XCConfigurationList;
			buildConfigurations = (
				9266240F2CD8E418008728E1 /* Debug */,
				926624102CD8E418008728E1 /* Release */,
			);
			defaultConfigurationIsVisible = 0;
			defaultConfigurationName = Release;
		};
		926624112CD8E418008728E1 /* Build configuration list for PBXNativeTarget "Network18_SwiftUIDemo" */ = {
			isa = XCConfigurationList;
			buildConfigurations = (
				926624122CD8E418008728E1 /* Debug */,
				926624132CD8E418008728E1 /* Release */,
			);
			defaultConfigurationIsVisible = 0;
			defaultConfigurationName = Release;
		};
		926624142CD8E418008728E1 /* Build configuration list for PBXNativeTarget "Network18_SwiftUIDemoTests" */ = {
			isa = XCConfigurationList;
			buildConfigurations = (
				926624152CD8E418008728E1 /* Debug */,
				926624162CD8E418008728E1 /* Release */,
			);
			defaultConfigurationIsVisible = 0;
			defaultConfigurationName = Release;
		};
		926624172CD8E418008728E1 /* Build configuration list for PBXNativeTarget "Network18_SwiftUIDemoUITests" */ = {
			isa = XCConfigurationList;
			buildConfigurations = (
				926624182CD8E418008728E1 /* Debug */,
				926624192CD8E418008728E1 /* Release */,
			);
			defaultConfigurationIsVisible = 0;
			defaultConfigurationName = Release;
		};
/* End XCConfigurationList section */
	};
	rootObject = 926623E52CD8E416008728E1 /* Project object */;
}
